
Microsoft Visual Studio Solution File, Format Version 12.00
# Visual Studio Version 16
VisualStudioVersion = 16.0.31025.194
MinimumVisualStudioVersion = 10.0.40219.1
Project("{FAE04EC0-301F-11D3-BF4B-00C04F79EFBC}") = "海面天氣預報MVC", "海面天氣預報MVC\海面天氣預報MVC.csproj", "{8ADAF13D-C1F9-4392-B623-0E23FAAC4A74}"
EndProject
Global
	GlobalSection(SolutionConfigurationPlatforms) = preSolution
		Debug|Any CPU = Debug|Any CPU
		Release|Any CPU = Release|Any CPU
	EndGlobalSection
	GlobalSection(ProjectConfigurationPlatforms) = postSolution
		{8ADAF13D-C1F9-4392-B623-0E23FAAC4A74}.Debug|Any CPU.ActiveCfg = Debug|Any CPU
		{8ADAF13D-C1F9-4392-B623-0E23FAAC4A74}.Debug|Any CPU.Build.0 = Debug|Any CPU
		{8ADAF13D-C1F9-4392-B623-0E23FAAC4A74}.Release|Any CPU.ActiveCfg = Release|Any CPU
		{8ADAF13D-C1F9-4392-B623-0E23FAAC4A74}.Release|Any CPU.Build.0 = Release|Any CPU
	EndGlobalSection
	GlobalSection(SolutionProperties) = preSolution
		HideSolutionNode = FALSE
	EndGlobalSection
	GlobalSection(ExtensibilityGlobals) = postSolution
		SolutionGuid = {4A5F3768-8C94-42F4-8E76-A68238094379}
	EndGlobalSection
EndGlobal
